
Microsoft Visual Studio Solution File, Format Version 12.00
# Visual Studio Version 17
VisualStudioVersion = 17.14.37216.2 d17.14
MinimumVisualStudioVersion = 10.0.40219.1
Project("{FAE04EC0-301F-11D3-BF4B-00C04F79EFBC}") = "DAO", "DAO\DAO.csproj", "{42D6D7C0-8C85-408A-97CA-4AB899758FE3}"
EndProject
Project("{FAE04EC0-301F-11D3-BF4B-00C04F79EFBC}") = "Dependency", "Dependency\Dependency.csproj", "{6BCD46E7-9387-4E77-971C-CA27D63D6EE4}"
EndProject
Project("{FAE04EC0-301F-11D3-BF4B-00C04F79EFBC}") = "Model", "Model\Model.csproj", "{14AF0086-74A7-462E-A7E3-9F4C3316F0BD}"
EndProject
Project("{FAE04EC0-301F-11D3-BF4B-00C04F79EFBC}") = "Service", "Service\Service.csproj", "{A6441384-F597-47ED-96B0-0688A4612E23}"
EndProject
Project("{FAE04EC0-301F-11D3-BF4B-00C04F79EFBC}") = "WebApp", "WebApp\WebApp.csproj", "{0EE5E4BB-44C1-4635-ACBE-0A1CCBE32472}"
EndProject
Global
	GlobalSection(SolutionConfigurationPlatforms) = preSolution
		Debug|Any CPU = Debug|Any CPU
		Release|Any CPU = Release|Any CPU
	EndGlobalSection
	GlobalSection(ProjectConfigurationPlatforms) = postSolution
		{42D6D7C0-8C85-408A-97CA-4AB899758FE3}.Debug|Any CPU.ActiveCfg = Debug|Any CPU
		{42D6D7C0-8C85-408A-97CA-4AB899758FE3}.Debug|Any CPU.Build.0 = Debug|Any CPU
		{42D6D7C0-8C85-408A-97CA-4AB899758FE3}.Release|Any CPU.ActiveCfg = Release|Any CPU
		{42D6D7C0-8C85-408A-97CA-4AB899758FE3}.Release|Any CPU.Build.0 = Release|Any CPU
		{6BCD46E7-9387-4E77-971C-CA27D63D6EE4}.Debug|Any CPU.ActiveCfg = Debug|Any CPU
		{6BCD46E7-9387-4E77-971C-CA27D63D6EE4}.Debug|Any CPU.Build.0 = Debug|Any CPU
		{6BCD46E7-9387-4E77-971C-CA27D63D6EE4}.Release|Any CPU.ActiveCfg = Release|Any CPU
		{6BCD46E7-9387-4E77-971C-CA27D63D6EE4}.Release|Any CPU.Build.0 = Release|Any CPU
		{14AF0086-74A7-462E-A7E3-9F4C3316F0BD}.Debug|Any CPU.ActiveCfg = Debug|Any CPU
		{14AF0086-74A7-462E-A7E3-9F4C3316F0BD}.Debug|Any CPU.Build.0 = Debug|Any CPU
		{14AF0086-74A7-462E-A7E3-9F4C3316F0BD}.Release|Any CPU.ActiveCfg = Release|Any CPU
		{14AF0086-74A7-462E-A7E3-9F4C3316F0BD}.Release|Any CPU.Build.0 = Release|Any CPU
		{A6441384-F597-47ED-96B0-0688A4612E23}.Debug|Any CPU.ActiveCfg = Debug|Any CPU
		{A6441384-F597-47ED-96B0-0688A4612E23}.Debug|Any CPU.Build.0 = Debug|Any CPU
		{A6441384-F597-47ED-96B0-0688A4612E23}.Release|Any CPU.ActiveCfg = Release|Any CPU
		{A6441384-F597-47ED-96B0-0688A4612E23}.Release|Any CPU.Build.0 = Release|Any CPU
		{0EE5E4BB-44C1-4635-ACBE-0A1CCBE32472}.Debug|Any CPU.ActiveCfg = Debug|Any CPU
		{0EE5E4BB-44C1-4635-ACBE-0A1CCBE32472}.Debug|Any CPU.Build.0 = Debug|Any CPU
		{0EE5E4BB-44C1-4635-ACBE-0A1CCBE32472}.Release|Any CPU.ActiveCfg = Release|Any CPU
		{0EE5E4BB-44C1-4635-ACBE-0A1CCBE32472}.Release|Any CPU.Build.0 = Release|Any CPU
	EndGlobalSection
	GlobalSection(SolutionProperties) = preSolution
		HideSolutionNode = FALSE
	EndGlobalSection
	GlobalSection(ExtensibilityGlobals) = postSolution
		SolutionGuid = {F8EBDEA7-5A97-4E0A-ADCD-BBA0E08F40E5}
	EndGlobalSection
EndGlobal
